
Microsoft Visual Studio Solution File, Format Version 12.00
# Visual Studio Version 16
VisualStudioVersion = 16.0.29409.12
MinimumVisualStudioVersion = 10.0.40219.1
Project("{FAE04EC0-301F-11D3-BF4B-00C04F79EFBC}") = "ExerciseOne", "ExerciseOne\ExerciseOne.csproj", "{E4F63D61-3410-4B6F-98B2-267FE7E679B5}"
EndProject
Global
	GlobalSection(SolutionConfigurationPlatforms) = preSolution
		Debug|Any CPU = Debug|Any CPU
		Release|Any CPU = Release|Any CPU
	EndGlobalSection
	GlobalSection(ProjectConfigurationPlatforms) = postSolution
		{E4F63D61-3410-4B6F-98B2-267FE7E679B5}.Debug|Any CPU.ActiveCfg = Debug|Any CPU
		{E4F63D61-3410-4B6F-98B2-267FE7E679B5}.Debug|Any CPU.Build.0 = Debug|Any CPU
		{E4F63D61-3410-4B6F-98B2-267FE7E679B5}.Release|Any CPU.ActiveCfg = Release|Any CPU
		{E4F63D61-3410-4B6F-98B2-267FE7E679B5}.Release|Any CPU.Build.0 = Release|Any CPU
	EndGlobalSection
	GlobalSection(SolutionProperties) = preSolution
		HideSolutionNode = FALSE
	EndGlobalSection
	GlobalSection(ExtensibilityGlobals) = postSolution
		SolutionGuid = {57296F8B-7F94-43D2-ADF1-3AC1D4113001}
	EndGlobalSection
EndGlobal
