
Microsoft Visual Studio Solution File, Format Version 12.00
# Visual Studio Version 16
VisualStudioVersion = 16.0.29411.108
MinimumVisualStudioVersion = 10.0.40219.1
Project("{FAE04EC0-301F-11D3-BF4B-00C04F79EFBC}") = "ExerciseTwo", "ExerciseTwo\ExerciseTwo.csproj", "{6B2E6FC0-8861-4E79-9AAE-8AC25F42E047}"
EndProject
Global
	GlobalSection(SolutionConfigurationPlatforms) = preSolution
		Debug|Any CPU = Debug|Any CPU
		Release|Any CPU = Release|Any CPU
	EndGlobalSection
	GlobalSection(ProjectConfigurationPlatforms) = postSolution
		{6B2E6FC0-8861-4E79-9AAE-8AC25F42E047}.Debug|Any CPU.ActiveCfg = Debug|Any CPU
		{6B2E6FC0-8861-4E79-9AAE-8AC25F42E047}.Debug|Any CPU.Build.0 = Debug|Any CPU
		{6B2E6FC0-8861-4E79-9AAE-8AC25F42E047}.Release|Any CPU.ActiveCfg = Release|Any CPU
		{6B2E6FC0-8861-4E79-9AAE-8AC25F42E047}.Release|Any CPU.Build.0 = Release|Any CPU
	EndGlobalSection
	GlobalSection(SolutionProperties) = preSolution
		HideSolutionNode = FALSE
	EndGlobalSection
	GlobalSection(ExtensibilityGlobals) = postSolution
		SolutionGuid = {3E9620C5-8E72-4D78-AFAA-8D975A4BDE71}
	EndGlobalSection
EndGlobal
